
Microsoft Visual Studio Solution File, Format Version 12.00
Project("{2150E333-8FDC-42A3-9474-1A3956D46DE8}") = "src", "src", "{DA3C7D8B-62E5-4383-B211-FFD15F368AA4}"
EndProject
Project("{2150E333-8FDC-42A3-9474-1A3956D46DE8}") = "test", "test", "{1BB766FE-B8C9-46EC-A3EA-CBF12872B363}"
EndProject
Project("{FAE04EC0-301F-11D3-BF4B-00C04F79EFBC}") = "Bookify.Domain", "Bookify.Domain\Bookify.Domain.csproj", "{01E29470-6DBC-45B9-9325-3ECEA9214BCE}"
EndProject
Project("{FAE04EC0-301F-11D3-BF4B-00C04F79EFBC}") = "Bookify.Application", "Bookify.Application\Bookify.Application.csproj", "{3C94EFBD-B4EF-431E-BDDC-0D6CFD7E1A0A}"
EndProject
Project("{FAE04EC0-301F-11D3-BF4B-00C04F79EFBC}") = "Bookify.Infrastructure", "Bookify.Infrastructure\Bookify.Infrastructure.csproj", "{05FC2397-33BB-4EE1-835C-7B154F18B19F}"
EndProject
Global
	GlobalSection(SolutionConfigurationPlatforms) = preSolution
		Debug|Any CPU = Debug|Any CPU
		Release|Any CPU = Release|Any CPU
	EndGlobalSection
	GlobalSection(NestedProjects) = preSolution
		{01E29470-6DBC-45B9-9325-3ECEA9214BCE} = {DA3C7D8B-62E5-4383-B211-FFD15F368AA4}
		{3C94EFBD-B4EF-431E-BDDC-0D6CFD7E1A0A} = {DA3C7D8B-62E5-4383-B211-FFD15F368AA4}
		{05FC2397-33BB-4EE1-835C-7B154F18B19F} = {DA3C7D8B-62E5-4383-B211-FFD15F368AA4}
	EndGlobalSection
	GlobalSection(ProjectConfigurationPlatforms) = postSolution
		{01E29470-6DBC-45B9-9325-3ECEA9214BCE}.Debug|Any CPU.ActiveCfg = Debug|Any CPU
		{01E29470-6DBC-45B9-9325-3ECEA9214BCE}.Debug|Any CPU.Build.0 = Debug|Any CPU
		{01E29470-6DBC-45B9-9325-3ECEA9214BCE}.Release|Any CPU.ActiveCfg = Release|Any CPU
		{01E29470-6DBC-45B9-9325-3ECEA9214BCE}.Release|Any CPU.Build.0 = Release|Any CPU
		{3C94EFBD-B4EF-431E-BDDC-0D6CFD7E1A0A}.Debug|Any CPU.ActiveCfg = Debug|Any CPU
		{3C94EFBD-B4EF-431E-BDDC-0D6CFD7E1A0A}.Debug|Any CPU.Build.0 = Debug|Any CPU
		{3C94EFBD-B4EF-431E-BDDC-0D6CFD7E1A0A}.Release|Any CPU.ActiveCfg = Release|Any CPU
		{3C94EFBD-B4EF-431E-BDDC-0D6CFD7E1A0A}.Release|Any CPU.Build.0 = Release|Any CPU
		{05FC2397-33BB-4EE1-835C-7B154F18B19F}.Debug|Any CPU.ActiveCfg = Debug|Any CPU
		{05FC2397-33BB-4EE1-835C-7B154F18B19F}.Debug|Any CPU.Build.0 = Debug|Any CPU
		{05FC2397-33BB-4EE1-835C-7B154F18B19F}.Release|Any CPU.ActiveCfg = Release|Any CPU
		{05FC2397-33BB-4EE1-835C-7B154F18B19F}.Release|Any CPU.Build.0 = Release|Any CPU
	EndGlobalSection
EndGlobal
